
Microsoft Visual Studio Solution File, Format Version 12.00
# Visual Studio Version 16
VisualStudioVersion = 16.0.28803.202
MinimumVisualStudioVersion = 10.0.40219.1
Project("{FAE04EC0-301F-11D3-BF4B-00C04F79EFBC}") = "sortPeopleByNameAndAge", "sortPeopleByNameAndAge\sortPeopleByNameAndAge.csproj", "{55D0E3A1-005D-489E-B48B-57B4B9566A8C}"
EndProject
Project("{FAE04EC0-301F-11D3-BF4B-00C04F79EFBC}") = "Box", "Box\Box.csproj", "{C90E924F-C054-482A-B078-5E38A25FD9AA}"
EndProject
Project("{FAE04EC0-301F-11D3-BF4B-00C04F79EFBC}") = "payRise", "payRise\payRise.csproj", "{B3635231-9EB1-4797-A90B-BF4F25EFC6FF}"
EndProject
Project("{9A19103F-16F7-4668-BE54-9A1E7A4F7556}") = "animalFarm", "animalFarm\animalFarm.csproj", "{FC42E4B5-977B-4A6D-A48F-A6C13812D2DB}"
EndProject
Project("{9A19103F-16F7-4668-BE54-9A1E7A4F7556}") = "dataCheck", "dataCheck\dataCheck.csproj", "{F915CE23-FAFF-4799-90A8-42D92A50E1D6}"
EndProject
Project("{9A19103F-16F7-4668-BE54-9A1E7A4F7556}") = "Market", "Market\Market.csproj", "{61898A21-58B6-423F-85C1-7017659765D0}"
EndProject
Project("{FAE04EC0-301F-11D3-BF4B-00C04F79EFBC}") = "pizzaCalories", "pizzaCalories\pizzaCalories.csproj", "{73614877-E5D0-4577-BD4D-224DB7E9569C}"
EndProject
Global
	GlobalSection(SolutionConfigurationPlatforms) = preSolution
		Debug|Any CPU = Debug|Any CPU
		Release|Any CPU = Release|Any CPU
	EndGlobalSection
	GlobalSection(ProjectConfigurationPlatforms) = postSolution
		{55D0E3A1-005D-489E-B48B-57B4B9566A8C}.Debug|Any CPU.ActiveCfg = Debug|Any CPU
		{55D0E3A1-005D-489E-B48B-57B4B9566A8C}.Debug|Any CPU.Build.0 = Debug|Any CPU
		{55D0E3A1-005D-489E-B48B-57B4B9566A8C}.Release|Any CPU.ActiveCfg = Release|Any CPU
		{55D0E3A1-005D-489E-B48B-57B4B9566A8C}.Release|Any CPU.Build.0 = Release|Any CPU
		{C90E924F-C054-482A-B078-5E38A25FD9AA}.Debug|Any CPU.ActiveCfg = Debug|Any CPU
		{C90E924F-C054-482A-B078-5E38A25FD9AA}.Debug|Any CPU.Build.0 = Debug|Any CPU
		{C90E924F-C054-482A-B078-5E38A25FD9AA}.Release|Any CPU.ActiveCfg = Release|Any CPU
		{C90E924F-C054-482A-B078-5E38A25FD9AA}.Release|Any CPU.Build.0 = Release|Any CPU
		{B3635231-9EB1-4797-A90B-BF4F25EFC6FF}.Debug|Any CPU.ActiveCfg = Debug|Any CPU
		{B3635231-9EB1-4797-A90B-BF4F25EFC6FF}.Debug|Any CPU.Build.0 = Debug|Any CPU
		{B3635231-9EB1-4797-A90B-BF4F25EFC6FF}.Release|Any CPU.ActiveCfg = Release|Any CPU
		{B3635231-9EB1-4797-A90B-BF4F25EFC6FF}.Release|Any CPU.Build.0 = Release|Any CPU
		{FC42E4B5-977B-4A6D-A48F-A6C13812D2DB}.Debug|Any CPU.ActiveCfg = Debug|Any CPU
		{FC42E4B5-977B-4A6D-A48F-A6C13812D2DB}.Debug|Any CPU.Build.0 = Debug|Any CPU
		{FC42E4B5-977B-4A6D-A48F-A6C13812D2DB}.Release|Any CPU.ActiveCfg = Release|Any CPU
		{FC42E4B5-977B-4A6D-A48F-A6C13812D2DB}.Release|Any CPU.Build.0 = Release|Any CPU
		{F915CE23-FAFF-4799-90A8-42D92A50E1D6}.Debug|Any CPU.ActiveCfg = Debug|Any CPU
		{F915CE23-FAFF-4799-90A8-42D92A50E1D6}.Debug|Any CPU.Build.0 = Debug|Any CPU
		{F915CE23-FAFF-4799-90A8-42D92A50E1D6}.Release|Any CPU.ActiveCfg = Release|Any CPU
		{F915CE23-FAFF-4799-90A8-42D92A50E1D6}.Release|Any CPU.Build.0 = Release|Any CPU
		{61898A21-58B6-423F-85C1-7017659765D0}.Debug|Any CPU.ActiveCfg = Debug|Any CPU
		{61898A21-58B6-423F-85C1-7017659765D0}.Debug|Any CPU.Build.0 = Debug|Any CPU
		{61898A21-58B6-423F-85C1-7017659765D0}.Release|Any CPU.ActiveCfg = Release|Any CPU
		{61898A21-58B6-423F-85C1-7017659765D0}.Release|Any CPU.Build.0 = Release|Any CPU
		{73614877-E5D0-4577-BD4D-224DB7E9569C}.Debug|Any CPU.ActiveCfg = Debug|Any CPU
		{73614877-E5D0-4577-BD4D-224DB7E9569C}.Debug|Any CPU.Build.0 = Debug|Any CPU
		{73614877-E5D0-4577-BD4D-224DB7E9569C}.Release|Any CPU.ActiveCfg = Release|Any CPU
		{73614877-E5D0-4577-BD4D-224DB7E9569C}.Release|Any CPU.Build.0 = Release|Any CPU
	EndGlobalSection
	GlobalSection(SolutionProperties) = preSolution
		HideSolutionNode = FALSE
	EndGlobalSection
	GlobalSection(ExtensibilityGlobals) = postSolution
		SolutionGuid = {48763031-46D5-4C32-918D-AC95C12A0616}
	EndGlobalSection
EndGlobal
