
Microsoft Visual Studio Solution File, Format Version 12.00
# Visual Studio 15
VisualStudioVersion = 15.0.28307.572
MinimumVisualStudioVersion = 10.0.40219.1
Project("{FAE04EC0-301F-11D3-BF4B-00C04F79EFBC}") = "sortPeopleByNameAndAge", "sortPeopleByNameAndAge\sortPeopleByNameAndAge.csproj", "{55D0E3A1-005D-489E-B48B-57B4B9566A8C}"
EndProject
Project("{FAE04EC0-301F-11D3-BF4B-00C04F79EFBC}") = "Box", "Box\Box.csproj", "{C90E924F-C054-482A-B078-5E38A25FD9AA}"
EndProject
Project("{FAE04EC0-301F-11D3-BF4B-00C04F79EFBC}") = "payRise", "payRise\payRise.csproj", "{B3635231-9EB1-4797-A90B-BF4F25EFC6FF}"
EndProject
Global
	GlobalSection(SolutionConfigurationPlatforms) = preSolution
		Debug|Any CPU = Debug|Any CPU
		Release|Any CPU = Release|Any CPU
	EndGlobalSection
	GlobalSection(ProjectConfigurationPlatforms) = postSolution
		{55D0E3A1-005D-489E-B48B-57B4B9566A8C}.Debug|Any CPU.ActiveCfg = Debug|Any CPU
		{55D0E3A1-005D-489E-B48B-57B4B9566A8C}.Debug|Any CPU.Build.0 = Debug|Any CPU
		{55D0E3A1-005D-489E-B48B-57B4B9566A8C}.Release|Any CPU.ActiveCfg = Release|Any CPU
		{55D0E3A1-005D-489E-B48B-57B4B9566A8C}.Release|Any CPU.Build.0 = Release|Any CPU
		{C90E924F-C054-482A-B078-5E38A25FD9AA}.Debug|Any CPU.ActiveCfg = Debug|Any CPU
		{C90E924F-C054-482A-B078-5E38A25FD9AA}.Debug|Any CPU.Build.0 = Debug|Any CPU
		{C90E924F-C054-482A-B078-5E38A25FD9AA}.Release|Any CPU.ActiveCfg = Release|Any CPU
		{C90E924F-C054-482A-B078-5E38A25FD9AA}.Release|Any CPU.Build.0 = Release|Any CPU
		{B3635231-9EB1-4797-A90B-BF4F25EFC6FF}.Debug|Any CPU.ActiveCfg = Debug|Any CPU
		{B3635231-9EB1-4797-A90B-BF4F25EFC6FF}.Debug|Any CPU.Build.0 = Debug|Any CPU
		{B3635231-9EB1-4797-A90B-BF4F25EFC6FF}.Release|Any CPU.ActiveCfg = Release|Any CPU
		{B3635231-9EB1-4797-A90B-BF4F25EFC6FF}.Release|Any CPU.Build.0 = Release|Any CPU
	EndGlobalSection
	GlobalSection(SolutionProperties) = preSolution
		HideSolutionNode = FALSE
	EndGlobalSection
	GlobalSection(ExtensibilityGlobals) = postSolution
		SolutionGuid = {48763031-46D5-4C32-918D-AC95C12A0616}
	EndGlobalSection
EndGlobal
