
Microsoft Visual Studio Solution File, Format Version 12.00
# Visual Studio Version 16
VisualStudioVersion = 16.0.28803.202
MinimumVisualStudioVersion = 10.0.40219.1
Project("{9A19103F-16F7-4668-BE54-9A1E7A4F7556}") = "Bank", "AShop\Bank.csproj", "{C2C7CB25-1110-4590-9935-D00C80FCEF3A}"
EndProject
Global
	GlobalSection(SolutionConfigurationPlatforms) = preSolution
		Debug|Any CPU = Debug|Any CPU
		Release|Any CPU = Release|Any CPU
	EndGlobalSection
	GlobalSection(ProjectConfigurationPlatforms) = postSolution
		{C2C7CB25-1110-4590-9935-D00C80FCEF3A}.Debug|Any CPU.ActiveCfg = Debug|Any CPU
		{C2C7CB25-1110-4590-9935-D00C80FCEF3A}.Debug|Any CPU.Build.0 = Debug|Any CPU
		{C2C7CB25-1110-4590-9935-D00C80FCEF3A}.Release|Any CPU.ActiveCfg = Release|Any CPU
		{C2C7CB25-1110-4590-9935-D00C80FCEF3A}.Release|Any CPU.Build.0 = Release|Any CPU
	EndGlobalSection
	GlobalSection(SolutionProperties) = preSolution
		HideSolutionNode = FALSE
	EndGlobalSection
	GlobalSection(ExtensibilityGlobals) = postSolution
		SolutionGuid = {5C1007A5-189A-4F4A-96EE-51965DDF30C9}
	EndGlobalSection
EndGlobal
